{
    "name": "domain-dissidents",
    "version": "1.0.0",
    "lockfileVersion": 3,
    "requires": true,
    "packages": {
        "": {
            "name": "domain-dissidents",
            "version": "1.0.0",
            "license": "UNLICENSE",
            "dependencies": {
                "domain-dissidents": "file:domaindissidents"
            }
        },
        "domaindissidents": {
            "name": "domain-dissidents",
            "version": "1.0.0"
        },
        "node_modules/domain-dissidents": {
            "resolved": "domaindissidents",
            "link": true
        }
    }
}
